{
  "schema_version": 1,
  "hash_algorithm": "sha256-path-nul-lf-normalized-content-nul-v1",
  "xrt": {
    "commit": "5c4fbdc076017c3ed2955858cac35195bb60680c",
    "version": "2.0.0-dev",
    "single_header_sha256": "4117e104f24b66fc224eca91de66167797dc3823165d46be2c406f18e0f1f13f"
  },
  "xserver": {
    "commit": "410f189e14122ee6c0e450f250855f94d39b11da",
    "version": "1.0.0",
    "required_extensions": [
      "xwork",
      "webview"
    ]
  },
  "libraries": {
    "xllm": {
      "version": "3.1.0",
      "source_commit": "c88a42594a241f65715c2c10fb99a504b01735b8",
      "production_tree_sha256": "d2c713c923ef5b964ab5d67ac456fa53dd6d8091c1dcfb754a7532b167c8e2bf"
    },
    "xllm-session": {
      "version": "3.0.0-dev",
      "source_commit": "c88a42594a241f65715c2c10fb99a504b01735b8",
      "production_tree_sha256": "ee6342880593d911e27fc7f929cc6caa025beed5b51711746a5b8279b287d7cb",
      "persistence_schema_version": 3
    },
    "xwork": {
      "version": "3.6.0",
      "source_commit": "7d0db0600cc13ab406e9866da8e4e8f12684920d",
      "production_tree_sha256": "2c2234cff4a536ce87fbda8a184076ff80fdfb09020206182619751bed01164c",
      "abi_version": 6,
      "event_schema_version": 3
    }
  },
  "pack": {
    "format": "XRTPACK",
    "version": 1
  },
  "mdo": {
    "module_abi_version": 1,
    "session_schema_version": 3,
    "config_schema_version": 1
  }
}
