{
  "schema_version": 1,
  "hash_algorithm": "sha256-path-nul-lf-normalized-content-nul-v1",
  "xrt": {
    "commit": "6040abda647bd947bd561cd185f37a3751f122f4",
    "version": "2.0.0-dev",
    "single_header_sha256": "1ea16b21f968d09e5084162f3919b7e6ae2412f9e13c3bbbdd4b322bcd5a26d2"
  },
  "xserver": {
    "commit": "ed87394ab8857ea5da197002ff11b1bf1af65d26",
    "version": "1.0.0",
    "required_extensions": [
      "xwork",
      "webview",
      "image"
    ],
    "native_extensions": {
      "image": {
        "abi_version": 1,
        "tree_sha256": "2c454f809f8da1cc08bf9765deb2a2fa7e33c630abd0b1687c19dee2f5da90ee"
      }
    }
  },
  "libraries": {
    "xllm": {
      "version": "3.1.0",
      "source_commit": "5d16ece2b049fd73eee1d8e79551d6d70c6be216",
      "production_tree_sha256": "605bcc5d36bc66308a47325d115d713dfb7d1ddb7641319c57c00e67fcb29d66"
    },
    "xllm-session": {
      "version": "3.0.0-dev",
      "source_commit": "5d16ece2b049fd73eee1d8e79551d6d70c6be216",
      "production_tree_sha256": "b75eca97d9859232fb43ba87164cdef7d3a0b42c368c1ab59b4cb4e37fd44230",
      "persistence_schema_version": 4
    },
    "xwork": {
      "version": "3.7.1",
      "source_commit": "c91c563eb8ef7ea23e7409f55fd7a8f9c05c0d5e",
      "production_tree_sha256": "1a5ea94e63a1f7e8e83eed5b63cd7d5d58e14e7142586868d8ec198b195262bd",
      "abi_version": 6,
      "event_schema_version": 3
    }
  },
  "pack": {
    "format": "XRTPACK",
    "version": 1
  },
  "mdo": {
    "module_abi_version": 1,
    "session_schema_version": 3,
    "config_schema_version": 1
  }
}
