{
  "schema_version": 1,
  "hash_algorithm": "sha256-path-nul-lf-normalized-content-nul-v1",
  "xrt": {
    "commit": "6040abda647bd947bd561cd185f37a3751f122f4",
    "version": "2.0.0-dev",
    "single_header_sha256": "1ea16b21f968d09e5084162f3919b7e6ae2412f9e13c3bbbdd4b322bcd5a26d2"
  },
  "xserver": {
    "commit": "064952339ae425de3fd74d20b4b714ec5b3d30a2",
    "version": "1.0.0",
    "required_extensions": [
      "xwork",
      "webview"
    ]
  },
  "libraries": {
    "xllm": {
      "version": "3.1.0",
      "source_commit": "c88a42594a241f65715c2c10fb99a504b01735b8",
      "production_tree_sha256": "d2c713c923ef5b964ab5d67ac456fa53dd6d8091c1dcfb754a7532b167c8e2bf"
    },
    "xllm-session": {
      "version": "3.0.0-dev",
      "source_commit": "cb6c05f67e7f471e14b53d33208ef380bf0fbfbd",
      "production_tree_sha256": "2e7bc4ca552c6391119cd85cb17951588f354432ba3102a6868a7bc58bc67151",
      "persistence_schema_version": 3
    },
    "xwork": {
      "version": "3.7.0",
      "source_commit": "2b350c87da6b054af80e2792557b3b581eadfe37",
      "production_tree_sha256": "3faef55f9a0c363627e5906d16d12d32e6c1266d295e01bd6bea47a6894e7d94",
      "abi_version": 6,
      "event_schema_version": 3
    }
  },
  "pack": {
    "format": "XRTPACK",
    "version": 1
  },
  "mdo": {
    "module_abi_version": 1,
    "session_schema_version": 3,
    "config_schema_version": 1
  }
}
